
Microsoft Visual Studio Solution File, Format Version 12.00
# Visual Studio Version 16
VisualStudioVersion = 16.0.31702.278
MinimumVisualStudioVersion = 10.0.40219.1
Project("{FAE04EC0-301F-11D3-BF4B-00C04F79EFBC}") = "ExpendedoraBase", "ExpendedoraBase.csproj", "{744725F0-8959-4069-B2C9-048B8391E333}"
EndProject
Global
	GlobalSection(SolutionConfigurationPlatforms) = preSolution
		Debug|Any CPU = Debug|Any CPU
		Release|Any CPU = Release|Any CPU
	EndGlobalSection
	GlobalSection(ProjectConfigurationPlatforms) = postSolution
		{744725F0-8959-4069-B2C9-048B8391E333}.Debug|Any CPU.ActiveCfg = Debug|Any CPU
		{744725F0-8959-4069-B2C9-048B8391E333}.Debug|Any CPU.Build.0 = Debug|Any CPU
		{744725F0-8959-4069-B2C9-048B8391E333}.Release|Any CPU.ActiveCfg = Release|Any CPU
		{744725F0-8959-4069-B2C9-048B8391E333}.Release|Any CPU.Build.0 = Release|Any CPU
	EndGlobalSection
	GlobalSection(SolutionProperties) = preSolution
		HideSolutionNode = FALSE
	EndGlobalSection
	GlobalSection(ExtensibilityGlobals) = postSolution
		SolutionGuid = {6D1028BF-5635-480E-B3E8-B7951AE6D352}
	EndGlobalSection
EndGlobal
